
Microsoft Visual Studio Solution File, Format Version 12.00
# Visual Studio Version 17
VisualStudioVersion = 17.2.32526.322
MinimumVisualStudioVersion = 10.0.40219.1
Project("{FAE04EC0-301F-11D3-BF4B-00C04F79EFBC}") = "TesteTechNation", "TesteTechNation\TesteTechNation.csproj", "{5EEB4E35-4621-40FC-A0BA-C63D8AF69548}"
EndProject
Global
	GlobalSection(SolutionConfigurationPlatforms) = preSolution
		Debug|Any CPU = Debug|Any CPU
		Release|Any CPU = Release|Any CPU
	EndGlobalSection
	GlobalSection(ProjectConfigurationPlatforms) = postSolution
		{5EEB4E35-4621-40FC-A0BA-C63D8AF69548}.Debug|Any CPU.ActiveCfg = Debug|Any CPU
		{5EEB4E35-4621-40FC-A0BA-C63D8AF69548}.Debug|Any CPU.Build.0 = Debug|Any CPU
		{5EEB4E35-4621-40FC-A0BA-C63D8AF69548}.Release|Any CPU.ActiveCfg = Release|Any CPU
		{5EEB4E35-4621-40FC-A0BA-C63D8AF69548}.Release|Any CPU.Build.0 = Release|Any CPU
	EndGlobalSection
	GlobalSection(SolutionProperties) = preSolution
		HideSolutionNode = FALSE
	EndGlobalSection
	GlobalSection(ExtensibilityGlobals) = postSolution
		SolutionGuid = {3E3B37C9-FB92-40A9-B532-EFAAEA2AB1D3}
	EndGlobalSection
EndGlobal
